
Microsoft Visual Studio Solution File, Format Version 10.00
# Visual Studio 2008
Project("{FAE04EC0-301F-11D3-BF4B-00C04F79EFBC}") = "RestE-PRTRValidationService", "..\RestE-PRTRService\RestE-PRTRValidationService.csproj", "{10AAEE57-E7A5-4C17-AC2F-4B41B1A30C4E}"
EndProject
Project("{FAE04EC0-301F-11D3-BF4B-00C04F79EFBC}") = "QueryLayer", "..\QueryLayer\QueryLayer.csproj", "{8225010E-65FA-420F-9FB0-A481A93E446F}"
EndProject
Global
	GlobalSection(SolutionConfigurationPlatforms) = preSolution
		Debug|Any CPU = Debug|Any CPU
		Release|Any CPU = Release|Any CPU
	EndGlobalSection
	GlobalSection(ProjectConfigurationPlatforms) = postSolution
		{10AAEE57-E7A5-4C17-AC2F-4B41B1A30C4E}.Debug|Any CPU.ActiveCfg = Debug|Any CPU
		{10AAEE57-E7A5-4C17-AC2F-4B41B1A30C4E}.Debug|Any CPU.Build.0 = Debug|Any CPU
		{10AAEE57-E7A5-4C17-AC2F-4B41B1A30C4E}.Release|Any CPU.ActiveCfg = Release|Any CPU
		{10AAEE57-E7A5-4C17-AC2F-4B41B1A30C4E}.Release|Any CPU.Build.0 = Release|Any CPU
		{8225010E-65FA-420F-9FB0-A481A93E446F}.Debug|Any CPU.ActiveCfg = Debug|Any CPU
		{8225010E-65FA-420F-9FB0-A481A93E446F}.Debug|Any CPU.Build.0 = Debug|Any CPU
		{8225010E-65FA-420F-9FB0-A481A93E446F}.Release|Any CPU.ActiveCfg = Release|Any CPU
		{8225010E-65FA-420F-9FB0-A481A93E446F}.Release|Any CPU.Build.0 = Release|Any CPU
	EndGlobalSection
	GlobalSection(SolutionProperties) = preSolution
		HideSolutionNode = FALSE
	EndGlobalSection
EndGlobal
