Microsoft Visual Studio Solution File, Format Version 10.00
# Visual Studio 2008
Project("{FAE04EC0-301F-11D3-BF4B-00C04F79EFBC}") = "xliff_out", "xliff_out.csproj", "{F602AE68-3E2C-194C-BFD6-46B99DE16B26}"
EndProject
Project("{FAE04EC0-301F-11D3-BF4B-00C04F79EFBC}") = "xliff_core_1_2_transitional", "..\xliff_core_1_2_transitional\xliff_core_1_2_transitional.csproj", "{7DD088D9-9A46-B140-97A2-77263C3EF44F}"
EndProject
Project("{FAE04EC0-301F-11D3-BF4B-00C04F79EFBC}") = "EPRTRcms", "..\EPRTRcms\EPRTRcms.csproj", "{C18D467C-2EB4-DD46-B15A-D516A14551F4}"
EndProject

Project("{FAE04EC0-301F-11D3-BF4B-00C04F79EFBC}") = "AltovaFunctions", "..\AltovaFunctions\AltovaFunctions.csproj", "{56AA56BB-A330-4EE5-A3D1-7FDD0963C6D8}"
EndProject

Project("{FAE04EC0-301F-11D3-BF4B-00C04F79EFBC}") = "AltovaDB", "..\AltovaDB\AltovaDB.csproj", "{61A86C9B-FFAC-468F-9AF6-6AAA2012C607}"
EndProject

Project("{FAE04EC0-301F-11D3-BF4B-00C04F79EFBC}") = "AltovaXML", "..\AltovaXML\AltovaXML.csproj", "{03AAA791-EC2D-4A90-ABBF-45337E52DFD6}"
EndProject
Project("{FAE04EC0-301F-11D3-BF4B-00C04F79EFBC}") = "Altova", "..\Altova\Altova.csproj", "{E1E2A79A-12CC-4107-B1BF-E5C58E642B92}"
EndProject
Global
	GlobalSection(SolutionConfigurationPlatforms) = preSolution
		Debug|Any CPU = Debug|Any CPU
		Release|Any CPU = Release|Any CPU
	EndGlobalSection
	GlobalSection(ProjectConfigurationPlatforms) = postSolution
		{F602AE68-3E2C-194C-BFD6-46B99DE16B26}.Debug|Any CPU.ActiveCfg = Debug|Any CPU
		{F602AE68-3E2C-194C-BFD6-46B99DE16B26}.Debug|Any CPU.Build.0 = Debug|Any CPU
		{F602AE68-3E2C-194C-BFD6-46B99DE16B26}.Release|Any CPU.ActiveCfg = Release|Any CPU
		{F602AE68-3E2C-194C-BFD6-46B99DE16B26}.Release|Any CPU.Build.0 = Release|Any CPU
		{7DD088D9-9A46-B140-97A2-77263C3EF44F}.Debug|Any CPU.ActiveCfg = Debug|Any CPU
		{7DD088D9-9A46-B140-97A2-77263C3EF44F}.Debug|Any CPU.Build.0 = Debug|Any CPU
		{7DD088D9-9A46-B140-97A2-77263C3EF44F}.Release|Any CPU.ActiveCfg = Release|Any CPU
		{7DD088D9-9A46-B140-97A2-77263C3EF44F}.Release|Any CPU.Build.0 = Release|Any CPU
		{C18D467C-2EB4-DD46-B15A-D516A14551F4}.Debug|Any CPU.ActiveCfg = Debug|Any CPU
		{C18D467C-2EB4-DD46-B15A-D516A14551F4}.Debug|Any CPU.Build.0 = Debug|Any CPU
		{C18D467C-2EB4-DD46-B15A-D516A14551F4}.Release|Any CPU.ActiveCfg = Release|Any CPU
		{C18D467C-2EB4-DD46-B15A-D516A14551F4}.Release|Any CPU.Build.0 = Release|Any CPU
		{56AA56BB-A330-4EE5-A3D1-7FDD0963C6D8}.Debug|Any CPU.ActiveCfg = Debug|Any CPU
		{56AA56BB-A330-4EE5-A3D1-7FDD0963C6D8}.Debug|Any CPU.Build.0 = Debug|Any CPU
		{56AA56BB-A330-4EE5-A3D1-7FDD0963C6D8}.Release|Any CPU.ActiveCfg = Release|Any CPU
		{56AA56BB-A330-4EE5-A3D1-7FDD0963C6D8}.Release|Any CPU.Build.0 = Release|Any CPU
		{61A86C9B-FFAC-468F-9AF6-6AAA2012C607}.Debug|Any CPU.ActiveCfg = Debug|Any CPU
		{61A86C9B-FFAC-468F-9AF6-6AAA2012C607}.Debug|Any CPU.Build.0 = Debug|Any CPU
		{61A86C9B-FFAC-468F-9AF6-6AAA2012C607}.Release|Any CPU.ActiveCfg = Release|Any CPU
		{61A86C9B-FFAC-468F-9AF6-6AAA2012C607}.Release|Any CPU.Build.0 = Release|Any CPU
		{03AAA791-EC2D-4A90-ABBF-45337E52DFD6}.Debug|Any CPU.ActiveCfg = Debug|Any CPU
		{03AAA791-EC2D-4A90-ABBF-45337E52DFD6}.Debug|Any CPU.Build.0 = Debug|Any CPU
		{03AAA791-EC2D-4A90-ABBF-45337E52DFD6}.Release|Any CPU.ActiveCfg = Release|Any CPU
		{03AAA791-EC2D-4A90-ABBF-45337E52DFD6}.Release|Any CPU.Build.0 = Release|Any CPU
		{E1E2A79A-12CC-4107-B1BF-E5C58E642B92}.Debug|Any CPU.ActiveCfg = Debug|Any CPU
		{E1E2A79A-12CC-4107-B1BF-E5C58E642B92}.Debug|Any CPU.Build.0 = Debug|Any CPU
		{E1E2A79A-12CC-4107-B1BF-E5C58E642B92}.Release|Any CPU.ActiveCfg = Release|Any CPU
		{E1E2A79A-12CC-4107-B1BF-E5C58E642B92}.Release|Any CPU.Build.0 = Release|Any CPU
	EndGlobalSection
	GlobalSection(SolutionProperties) = preSolution
		HideSolutionNode = FALSE
	EndGlobalSection
EndGlobal
