
Microsoft Visual Studio Solution File, Format Version 10.00
# Visual Studio 2008
Project("{FAE04EC0-301F-11D3-BF4B-00C04F79EFBC}") = "MakeProperties", "MakeProperties.csproj", "{07CF49D0-2A1A-4AC8-B174-DF822398D480}"
EndProject
Global
	GlobalSection(SolutionConfigurationPlatforms) = preSolution
		Debug|Any CPU = Debug|Any CPU
		Release|Any CPU = Release|Any CPU
	EndGlobalSection
	GlobalSection(ProjectConfigurationPlatforms) = postSolution
		{07CF49D0-2A1A-4AC8-B174-DF822398D480}.Debug|Any CPU.ActiveCfg = Debug|Any CPU
		{07CF49D0-2A1A-4AC8-B174-DF822398D480}.Debug|Any CPU.Build.0 = Debug|Any CPU
		{07CF49D0-2A1A-4AC8-B174-DF822398D480}.Release|Any CPU.ActiveCfg = Release|Any CPU
		{07CF49D0-2A1A-4AC8-B174-DF822398D480}.Release|Any CPU.Build.0 = Release|Any CPU
	EndGlobalSection
	GlobalSection(SolutionProperties) = preSolution
		HideSolutionNode = FALSE
	EndGlobalSection
EndGlobal
