
Microsoft Visual Studio Solution File, Format Version 10.00
# Visual Studio 2008
Project("{D183A3D8-5FD8-494B-B014-37F57B35E655}") = "Integration Services Project1", "Integration Services Project1\Integration Services Project1.dtproj", "{DB118F01-097B-40A7-9272-7DF6ECD424D0}"
EndProject
Global
	GlobalSection(SolutionConfigurationPlatforms) = preSolution
		Development|Default = Development|Default
	EndGlobalSection
	GlobalSection(ProjectConfigurationPlatforms) = postSolution
		{DB118F01-097B-40A7-9272-7DF6ECD424D0}.Development|Default.ActiveCfg = Development
		{DB118F01-097B-40A7-9272-7DF6ECD424D0}.Development|Default.Build.0 = Development
	EndGlobalSection
	GlobalSection(SolutionProperties) = preSolution
		HideSolutionNode = FALSE
	EndGlobalSection
EndGlobal
