
Microsoft Visual Studio Solution File, Format Version 10.00
# Visual Studio 2008
Project("{FAE04EC0-301F-11D3-BF4B-00C04F79EFBC}") = "SPPerformanceTester", "SPPerformanceTester.csproj", "{CD57B710-9D39-40B3-95F9-F4160E97B8DE}"
EndProject
Global
	GlobalSection(SolutionConfigurationPlatforms) = preSolution
		Debug|Any CPU = Debug|Any CPU
		Release|Any CPU = Release|Any CPU
	EndGlobalSection
	GlobalSection(ProjectConfigurationPlatforms) = postSolution
		{CD57B710-9D39-40B3-95F9-F4160E97B8DE}.Debug|Any CPU.ActiveCfg = Debug|Any CPU
		{CD57B710-9D39-40B3-95F9-F4160E97B8DE}.Debug|Any CPU.Build.0 = Debug|Any CPU
		{CD57B710-9D39-40B3-95F9-F4160E97B8DE}.Release|Any CPU.ActiveCfg = Release|Any CPU
		{CD57B710-9D39-40B3-95F9-F4160E97B8DE}.Release|Any CPU.Build.0 = Release|Any CPU
	EndGlobalSection
	GlobalSection(SolutionProperties) = preSolution
		HideSolutionNode = FALSE
	EndGlobalSection
EndGlobal
